
Microsoft Visual Studio Solution File, Format Version 12.00
# Visual Studio Version 16
VisualStudioVersion = 16.0.31205.134
MinimumVisualStudioVersion = 10.0.40219.1
Project("{9A19103F-16F7-4668-BE54-9A1E7A4F7556}") = "CopeID.API", "CopeID.API\CopeID.API.csproj", "{9FE791C6-645C-485A-90E0-96946F12123B}"
EndProject
Project("{9A19103F-16F7-4668-BE54-9A1E7A4F7556}") = "CopeID.Seeding", "CopeID.Seeding\CopeID.Seeding.csproj", "{B02451C8-E861-49E1-9869-77B50BEC241B}"
EndProject
Global
	GlobalSection(SolutionConfigurationPlatforms) = preSolution
		Debug|Any CPU = Debug|Any CPU
		Release|Any CPU = Release|Any CPU
	EndGlobalSection
	GlobalSection(ProjectConfigurationPlatforms) = postSolution
		{9FE791C6-645C-485A-90E0-96946F12123B}.Debug|Any CPU.ActiveCfg = Debug|Any CPU
		{9FE791C6-645C-485A-90E0-96946F12123B}.Debug|Any CPU.Build.0 = Debug|Any CPU
		{9FE791C6-645C-485A-90E0-96946F12123B}.Release|Any CPU.ActiveCfg = Release|Any CPU
		{9FE791C6-645C-485A-90E0-96946F12123B}.Release|Any CPU.Build.0 = Release|Any CPU
		{B02451C8-E861-49E1-9869-77B50BEC241B}.Debug|Any CPU.ActiveCfg = Debug|Any CPU
		{B02451C8-E861-49E1-9869-77B50BEC241B}.Debug|Any CPU.Build.0 = Debug|Any CPU
		{B02451C8-E861-49E1-9869-77B50BEC241B}.Release|Any CPU.ActiveCfg = Release|Any CPU
		{B02451C8-E861-49E1-9869-77B50BEC241B}.Release|Any CPU.Build.0 = Release|Any CPU
	EndGlobalSection
	GlobalSection(SolutionProperties) = preSolution
		HideSolutionNode = FALSE
	EndGlobalSection
	GlobalSection(ExtensibilityGlobals) = postSolution
		SolutionGuid = {DE5C4792-16AE-471F-82D2-FAD06AFF3EFE}
	EndGlobalSection
EndGlobal
